// !$*UTF8*$!
{
	archiveVersion = 1;
	classes = {
	};
	objectVersion = 46;
	objects = {

/* Begin PBXBuildFile section */
		B61389E91D2150E700B0B535 /* LightweightMigrationController.swift in Sources */ = {isa = PBXBuildFile; fileRef = B61389E81D2150E700B0B535 /* LightweightMigrationController.swift */; };
		B61389EB1D215CBD00B0B535 /* MigrationController.swift in Sources */ = {isa = PBXBuildFile; fileRef = B61389EA1D215CBD00B0B535 /* MigrationController.swift */; };
		B61389ED1D2164E100B0B535 /* DataController.swift in Sources */ = {isa = PBXBuildFile; fileRef = B61389EC1D2164E100B0B535 /* DataController.swift */; };
		B61389EF1D21688900B0B535 /* CustomMigrationController.swift in Sources */ = {isa = PBXBuildFile; fileRef = B61389EE1D21688900B0B535 /* CustomMigrationController.swift */; };
		B61389F11D216C7300B0B535 /* Types.swift in Sources */ = {isa = PBXBuildFile; fileRef = B61389F01D216C7300B0B535 /* Types.swift */; };
		B61389F31D216EB200B0B535 /* MenuViewController.swift in Sources */ = {isa = PBXBuildFile; fileRef = B61389F21D216EB200B0B535 /* MenuViewController.swift */; };
		B61389F51D216EF400B0B535 /* SetupViewController.swift in Sources */ = {isa = PBXBuildFile; fileRef = B61389F41D216EF400B0B535 /* SetupViewController.swift */; };
		B61389F71D216EFD00B0B535 /* MigrationViewController.swift in Sources */ = {isa = PBXBuildFile; fileRef = B61389F61D216EFD00B0B535 /* MigrationViewController.swift */; };
		B61389F91D216F0800B0B535 /* EntitiesViewController.swift in Sources */ = {isa = PBXBuildFile; fileRef = B61389F81D216F0800B0B535 /* EntitiesViewController.swift */; };
		B61389FB1D21724D00B0B535 /* Join.swift in Sources */ = {isa = PBXBuildFile; fileRef = B61389FA1D21724D00B0B535 /* Join.swift */; };
		B61389FE1D2176BF00B0B535 /* JoinTests.swift in Sources */ = {isa = PBXBuildFile; fileRef = B61389FD1D2176BF00B0B535 /* JoinTests.swift */; };
		B6138A001D22819B00B0B535 /* FileUtils.swift in Sources */ = {isa = PBXBuildFile; fileRef = B61389FF1D22819B00B0B535 /* FileUtils.swift */; };
		B6138A081D22D47E00B0B535 /* ObjectsViewController.swift in Sources */ = {isa = PBXBuildFile; fileRef = B6138A071D22D47E00B0B535 /* ObjectsViewController.swift */; };
		B6138A0A1D22DC3900B0B535 /* ObjectViewController.swift in Sources */ = {isa = PBXBuildFile; fileRef = B6138A091D22DC3900B0B535 /* ObjectViewController.swift */; };
		B6138A0C1D23932A00B0B535 /* SeparateMigrationController.swift in Sources */ = {isa = PBXBuildFile; fileRef = B6138A0B1D23932A00B0B535 /* SeparateMigrationController.swift */; };
		B6138A0E1D23F5DB00B0B535 /* MigrationUtils.swift in Sources */ = {isa = PBXBuildFile; fileRef = B6138A0D1D23F5DB00B0B535 /* MigrationUtils.swift */; };
		B6138A101D23FFC200B0B535 /* EntityAMigrationPolicy.swift in Sources */ = {isa = PBXBuildFile; fileRef = B6138A0F1D23FFC200B0B535 /* EntityAMigrationPolicy.swift */; };
		B6138A121D2400AF00B0B535 /* EntityBMigrationPolicy.swift in Sources */ = {isa = PBXBuildFile; fileRef = B6138A111D2400AF00B0B535 /* EntityBMigrationPolicy.swift */; };
		B6138A161D24B25A00B0B535 /* MigrationManager.swift in Sources */ = {isa = PBXBuildFile; fileRef = B6138A151D24B25A00B0B535 /* MigrationManager.swift */; };
		B668489F1D16456F00547947 /* Main.storyboard in Resources */ = {isa = PBXBuildFile; fileRef = B668489D1D16456F00547947 /* Main.storyboard */; };
		B66848A11D16456F00547947 /* Assets.xcassets in Resources */ = {isa = PBXBuildFile; fileRef = B66848A01D16456F00547947 /* Assets.xcassets */; };
		B66848A41D16456F00547947 /* LaunchScreen.storyboard in Resources */ = {isa = PBXBuildFile; fileRef = B66848A21D16456F00547947 /* LaunchScreen.storyboard */; };
		B66848C61D16467A00547947 /* NSFetchedResultsController+UBICoreData.m in Sources */ = {isa = PBXBuildFile; fileRef = B66848BB1D16467A00547947 /* NSFetchedResultsController+UBICoreData.m */; };
		B66848C71D16467A00547947 /* NSFetchRequest+UBICoreData.m in Sources */ = {isa = PBXBuildFile; fileRef = B66848BD1D16467A00547947 /* NSFetchRequest+UBICoreData.m */; };
		B66848C81D16467A00547947 /* NSManagedObject+UBICoreData.m in Sources */ = {isa = PBXBuildFile; fileRef = B66848BF1D16467A00547947 /* NSManagedObject+UBICoreData.m */; };
		B66848C91D16467A00547947 /* NSManagedObjectContext+UBICoreData.m in Sources */ = {isa = PBXBuildFile; fileRef = B66848C11D16467A00547947 /* NSManagedObjectContext+UBICoreData.m */; };
		B66848CA1D16467A00547947 /* UBICoreDataStore.m in Sources */ = {isa = PBXBuildFile; fileRef = B66848C51D16467A00547947 /* UBICoreDataStore.m */; };
		B699B2BD1D255A0D00643947 /* AppDelegate.swift in Sources */ = {isa = PBXBuildFile; fileRef = B699B2BC1D255A0D00643947 /* AppDelegate.swift */; };
		B6C215F01D16B09800A8ECA7 /* Model.xcdatamodeld in Sources */ = {isa = PBXBuildFile; fileRef = B6C215EE1D16B09800A8ECA7 /* Model.xcdatamodeld */; };
		B6DF339E1D177D1800979651 /* Model1-2.xcmappingmodel in Sources */ = {isa = PBXBuildFile; fileRef = B6DF339D1D177D1800979651 /* Model1-2.xcmappingmodel */; };
/* End PBXBuildFile section */

/* Begin PBXContainerItemProxy section */
		B66848AB1D16456F00547947 /* PBXContainerItemProxy */ = {
			isa = PBXContainerItemProxy;
			containerPortal = B66848891D16456F00547947 /* Project object */;
			proxyType = 1;
			remoteGlobalIDString = B66848901D16456F00547947;
			remoteInfo = CoreDataMigrationSample;
		};
/* End PBXContainerItemProxy section */

/* Begin PBXFileReference section */
		B61389E71D2150E700B0B535 /* CoreDataMigrationSample-Bridging-Header.h */ = {isa = PBXFileReference; lastKnownFileType = sourcecode.c.h; path = "CoreDataMigrationSample-Bridging-Header.h"; sourceTree = "<group>"; };
		B61389E81D2150E700B0B535 /* LightweightMigrationController.swift */ = {isa = PBXFileReference; fileEncoding = 4; lastKnownFileType = sourcecode.swift; path = LightweightMigrationController.swift; sourceTree = "<group>"; };
		B61389EA1D215CBD00B0B535 /* MigrationController.swift */ = {isa = PBXFileReference; fileEncoding = 4; lastKnownFileType = sourcecode.swift; path = MigrationController.swift; sourceTree = "<group>"; };
		B61389EC1D2164E100B0B535 /* DataController.swift */ = {isa = PBXFileReference; fileEncoding = 4; lastKnownFileType = sourcecode.swift; path = DataController.swift; sourceTree = "<group>"; };
		B61389EE1D21688900B0B535 /* CustomMigrationController.swift */ = {isa = PBXFileReference; fileEncoding = 4; lastKnownFileType = sourcecode.swift; path = CustomMigrationController.swift; sourceTree = "<group>"; };
		B61389F01D216C7300B0B535 /* Types.swift */ = {isa = PBXFileReference; fileEncoding = 4; lastKnownFileType = sourcecode.swift; path = Types.swift; sourceTree = "<group>"; };
		B61389F21D216EB200B0B535 /* MenuViewController.swift */ = {isa = PBXFileReference; fileEncoding = 4; lastKnownFileType = sourcecode.swift; path = MenuViewController.swift; sourceTree = "<group>"; };
		B61389F41D216EF400B0B535 /* SetupViewController.swift */ = {isa = PBXFileReference; fileEncoding = 4; lastKnownFileType = sourcecode.swift; path = SetupViewController.swift; sourceTree = "<group>"; };
		B61389F61D216EFD00B0B535 /* MigrationViewController.swift */ = {isa = PBXFileReference; fileEncoding = 4; lastKnownFileType = sourcecode.swift; path = MigrationViewController.swift; sourceTree = "<group>"; };
		B61389F81D216F0800B0B535 /* EntitiesViewController.swift */ = {isa = PBXFileReference; fileEncoding = 4; lastKnownFileType = sourcecode.swift; path = EntitiesViewController.swift; sourceTree = "<group>"; };
		B61389FA1D21724D00B0B535 /* Join.swift */ = {isa = PBXFileReference; fileEncoding = 4; lastKnownFileType = sourcecode.swift; path = Join.swift; sourceTree = "<group>"; };
		B61389FC1D2176BF00B0B535 /* CoreDataMigrationSampleTests-Bridging-Header.h */ = {isa = PBXFileReference; lastKnownFileType = sourcecode.c.h; path = "CoreDataMigrationSampleTests-Bridging-Header.h"; sourceTree = "<group>"; };
		B61389FD1D2176BF00B0B535 /* JoinTests.swift */ = {isa = PBXFileReference; fileEncoding = 4; lastKnownFileType = sourcecode.swift; path = JoinTests.swift; sourceTree = "<group>"; };
		B61389FF1D22819B00B0B535 /* FileUtils.swift */ = {isa = PBXFileReference; fileEncoding = 4; lastKnownFileType = sourcecode.swift; path = FileUtils.swift; sourceTree = "<group>"; };
		B6138A071D22D47E00B0B535 /* ObjectsViewController.swift */ = {isa = PBXFileReference; fileEncoding = 4; lastKnownFileType = sourcecode.swift; path = ObjectsViewController.swift; sourceTree = "<group>"; };
		B6138A091D22DC3900B0B535 /* ObjectViewController.swift */ = {isa = PBXFileReference; fileEncoding = 4; lastKnownFileType = sourcecode.swift; path = ObjectViewController.swift; sourceTree = "<group>"; };
		B6138A0B1D23932A00B0B535 /* SeparateMigrationController.swift */ = {isa = PBXFileReference; fileEncoding = 4; lastKnownFileType = sourcecode.swift; path = SeparateMigrationController.swift; sourceTree = "<group>"; };
		B6138A0D1D23F5DB00B0B535 /* MigrationUtils.swift */ = {isa = PBXFileReference; fileEncoding = 4; lastKnownFileType = sourcecode.swift; path = MigrationUtils.swift; sourceTree = "<group>"; };
		B6138A0F1D23FFC200B0B535 /* EntityAMigrationPolicy.swift */ = {isa = PBXFileReference; fileEncoding = 4; lastKnownFileType = sourcecode.swift; path = EntityAMigrationPolicy.swift; sourceTree = "<group>"; };
		B6138A111D2400AF00B0B535 /* EntityBMigrationPolicy.swift */ = {isa = PBXFileReference; fileEncoding = 4; lastKnownFileType = sourcecode.swift; path = EntityBMigrationPolicy.swift; sourceTree = "<group>"; };
		B6138A151D24B25A00B0B535 /* MigrationManager.swift */ = {isa = PBXFileReference; fileEncoding = 4; lastKnownFileType = sourcecode.swift; path = MigrationManager.swift; sourceTree = "<group>"; };
		B66848911D16456F00547947 /* CoreDataMigrationSample.app */ = {isa = PBXFileReference; explicitFileType = wrapper.application; includeInIndex = 0; path = CoreDataMigrationSample.app; sourceTree = BUILT_PRODUCTS_DIR; };
		B668489E1D16456F00547947 /* Base */ = {isa = PBXFileReference; lastKnownFileType = file.storyboard; name = Base; path = Base.lproj/Main.storyboard; sourceTree = "<group>"; };
		B66848A01D16456F00547947 /* Assets.xcassets */ = {isa = PBXFileReference; lastKnownFileType = folder.assetcatalog; path = Assets.xcassets; sourceTree = "<group>"; };
		B66848A31D16456F00547947 /* Base */ = {isa = PBXFileReference; lastKnownFileType = file.storyboard; name = Base; path = Base.lproj/LaunchScreen.storyboard; sourceTree = "<group>"; };
		B66848A51D16456F00547947 /* Info.plist */ = {isa = PBXFileReference; lastKnownFileType = text.plist.xml; path = Info.plist; sourceTree = "<group>"; };
		B66848AA1D16456F00547947 /* CoreDataMigrationSampleTests.xctest */ = {isa = PBXFileReference; explicitFileType = wrapper.cfbundle; includeInIndex = 0; path = CoreDataMigrationSampleTests.xctest; sourceTree = BUILT_PRODUCTS_DIR; };
		B66848B01D16456F00547947 /* Info.plist */ = {isa = PBXFileReference; lastKnownFileType = text.plist.xml; path = Info.plist; sourceTree = "<group>"; };
		B66848BA1D16467A00547947 /* NSFetchedResultsController+UBICoreData.h */ = {isa = PBXFileReference; fileEncoding = 4; lastKnownFileType = sourcecode.c.h; path = "NSFetchedResultsController+UBICoreData.h"; sourceTree = "<group>"; };
		B66848BB1D16467A00547947 /* NSFetchedResultsController+UBICoreData.m */ = {isa = PBXFileReference; fileEncoding = 4; lastKnownFileType = sourcecode.c.objc; path = "NSFetchedResultsController+UBICoreData.m"; sourceTree = "<group>"; };
		B66848BC1D16467A00547947 /* NSFetchRequest+UBICoreData.h */ = {isa = PBXFileReference; fileEncoding = 4; lastKnownFileType = sourcecode.c.h; path = "NSFetchRequest+UBICoreData.h"; sourceTree = "<group>"; };
		B66848BD1D16467A00547947 /* NSFetchRequest+UBICoreData.m */ = {isa = PBXFileReference; fileEncoding = 4; lastKnownFileType = sourcecode.c.objc; path = "NSFetchRequest+UBICoreData.m"; sourceTree = "<group>"; };
		B66848BE1D16467A00547947 /* NSManagedObject+UBICoreData.h */ = {isa = PBXFileReference; fileEncoding = 4; lastKnownFileType = sourcecode.c.h; path = "NSManagedObject+UBICoreData.h"; sourceTree = "<group>"; };
		B66848BF1D16467A00547947 /* NSManagedObject+UBICoreData.m */ = {isa = PBXFileReference; fileEncoding = 4; lastKnownFileType = sourcecode.c.objc; path = "NSManagedObject+UBICoreData.m"; sourceTree = "<group>"; };
		B66848C01D16467A00547947 /* NSManagedObjectContext+UBICoreData.h */ = {isa = PBXFileReference; fileEncoding = 4; lastKnownFileType = sourcecode.c.h; path = "NSManagedObjectContext+UBICoreData.h"; sourceTree = "<group>"; };
		B66848C11D16467A00547947 /* NSManagedObjectContext+UBICoreData.m */ = {isa = PBXFileReference; fileEncoding = 4; lastKnownFileType = sourcecode.c.objc; path = "NSManagedObjectContext+UBICoreData.m"; sourceTree = "<group>"; };
		B66848C21D16467A00547947 /* UBICoreData.h */ = {isa = PBXFileReference; fileEncoding = 4; lastKnownFileType = sourcecode.c.h; path = UBICoreData.h; sourceTree = "<group>"; };
		B66848C31D16467A00547947 /* UBICoreDataCommon.h */ = {isa = PBXFileReference; fileEncoding = 4; lastKnownFileType = sourcecode.c.h; path = UBICoreDataCommon.h; sourceTree = "<group>"; };
		B66848C41D16467A00547947 /* UBICoreDataStore.h */ = {isa = PBXFileReference; fileEncoding = 4; lastKnownFileType = sourcecode.c.h; path = UBICoreDataStore.h; sourceTree = "<group>"; };
		B66848C51D16467A00547947 /* UBICoreDataStore.m */ = {isa = PBXFileReference; fileEncoding = 4; lastKnownFileType = sourcecode.c.objc; path = UBICoreDataStore.m; sourceTree = "<group>"; };
		B699B2BC1D255A0D00643947 /* AppDelegate.swift */ = {isa = PBXFileReference; fileEncoding = 4; lastKnownFileType = sourcecode.swift; path = AppDelegate.swift; sourceTree = "<group>"; };
		B6C215EF1D16B09800A8ECA7 /* Model.xcdatamodel */ = {isa = PBXFileReference; lastKnownFileType = wrapper.xcdatamodel; path = Model.xcdatamodel; sourceTree = "<group>"; };
		B6C215F41D16E06D00A8ECA7 /* Model 1.xcdatamodel */ = {isa = PBXFileReference; lastKnownFileType = wrapper.xcdatamodel; path = "Model 1.xcdatamodel"; sourceTree = "<group>"; };
		B6C215F51D16E07C00A8ECA7 /* Model 2.xcdatamodel */ = {isa = PBXFileReference; lastKnownFileType = wrapper.xcdatamodel; path = "Model 2.xcdatamodel"; sourceTree = "<group>"; };
		B6DF339D1D177D1800979651 /* Model1-2.xcmappingmodel */ = {isa = PBXFileReference; lastKnownFileType = wrapper.xcmappingmodel; path = "Model1-2.xcmappingmodel"; sourceTree = "<group>"; };
/* End PBXFileReference section */

/* Begin PBXFrameworksBuildPhase section */
		B668488E1D16456F00547947 /* Frameworks */ = {
			isa = PBXFrameworksBuildPhase;
			buildActionMask = 2147483647;
			files = (
			);
			runOnlyForDeploymentPostprocessing = 0;
		};
		B66848A71D16456F00547947 /* Frameworks */ = {
			isa = PBXFrameworksBuildPhase;
			buildActionMask = 2147483647;
			files = (
			);
			runOnlyForDeploymentPostprocessing = 0;
		};
/* End PBXFrameworksBuildPhase section */

/* Begin PBXGroup section */
		B66848881D16456F00547947 = {
			isa = PBXGroup;
			children = (
				B66848931D16456F00547947 /* CoreDataMigrationSample */,
				B66848AD1D16456F00547947 /* CoreDataMigrationSampleTests */,
				B66848921D16456F00547947 /* Products */,
			);
			sourceTree = "<group>";
		};
		B66848921D16456F00547947 /* Products */ = {
			isa = PBXGroup;
			children = (
				B66848911D16456F00547947 /* CoreDataMigrationSample.app */,
				B66848AA1D16456F00547947 /* CoreDataMigrationSampleTests.xctest */,
			);
			name = Products;
			sourceTree = "<group>";
		};
		B66848931D16456F00547947 /* CoreDataMigrationSample */ = {
			isa = PBXGroup;
			children = (
				B61389E71D2150E700B0B535 /* CoreDataMigrationSample-Bridging-Header.h */,
				B699B2BC1D255A0D00643947 /* AppDelegate.swift */,
				B66848B91D16467A00547947 /* UBICoreData */,
				B6C215ED1D16B08700A8ECA7 /* CoreDataMigration */,
				B6DF33B81D1906AE00979651 /* Utils */,
				B66848E31D16501F00547947 /* Controllers */,
				B66848E41D16503700547947 /* ViewControllers */,
				B668489D1D16456F00547947 /* Main.storyboard */,
				B66848A01D16456F00547947 /* Assets.xcassets */,
				B66848A21D16456F00547947 /* LaunchScreen.storyboard */,
				B66848A51D16456F00547947 /* Info.plist */,
			);
			path = CoreDataMigrationSample;
			sourceTree = "<group>";
		};
		B66848AD1D16456F00547947 /* CoreDataMigrationSampleTests */ = {
			isa = PBXGroup;
			children = (
				B61389FD1D2176BF00B0B535 /* JoinTests.swift */,
				B66848B01D16456F00547947 /* Info.plist */,
				B61389FC1D2176BF00B0B535 /* CoreDataMigrationSampleTests-Bridging-Header.h */,
			);
			path = CoreDataMigrationSampleTests;
			sourceTree = "<group>";
		};
		B66848B91D16467A00547947 /* UBICoreData */ = {
			isa = PBXGroup;
			children = (
				B66848BA1D16467A00547947 /* NSFetchedResultsController+UBICoreData.h */,
				B66848BB1D16467A00547947 /* NSFetchedResultsController+UBICoreData.m */,
				B66848BC1D16467A00547947 /* NSFetchRequest+UBICoreData.h */,
				B66848BD1D16467A00547947 /* NSFetchRequest+UBICoreData.m */,
				B66848BE1D16467A00547947 /* NSManagedObject+UBICoreData.h */,
				B66848BF1D16467A00547947 /* NSManagedObject+UBICoreData.m */,
				B66848C01D16467A00547947 /* NSManagedObjectContext+UBICoreData.h */,
				B66848C11D16467A00547947 /* NSManagedObjectContext+UBICoreData.m */,
				B66848C21D16467A00547947 /* UBICoreData.h */,
				B66848C31D16467A00547947 /* UBICoreDataCommon.h */,
				B66848C41D16467A00547947 /* UBICoreDataStore.h */,
				B66848C51D16467A00547947 /* UBICoreDataStore.m */,
			);
			name = UBICoreData;
			path = ../../UBICoreData/UBICoreData;
			sourceTree = "<group>";
		};
		B66848E31D16501F00547947 /* Controllers */ = {
			isa = PBXGroup;
			children = (
				B61389EC1D2164E100B0B535 /* DataController.swift */,
				B61389EA1D215CBD00B0B535 /* MigrationController.swift */,
				B61389E81D2150E700B0B535 /* LightweightMigrationController.swift */,
				B61389EE1D21688900B0B535 /* CustomMigrationController.swift */,
				B6138A0B1D23932A00B0B535 /* SeparateMigrationController.swift */,
			);
			name = Controllers;
			sourceTree = "<group>";
		};
		B66848E41D16503700547947 /* ViewControllers */ = {
			isa = PBXGroup;
			children = (
				B61389F21D216EB200B0B535 /* MenuViewController.swift */,
				B61389F41D216EF400B0B535 /* SetupViewController.swift */,
				B61389F61D216EFD00B0B535 /* MigrationViewController.swift */,
				B61389F81D216F0800B0B535 /* EntitiesViewController.swift */,
				B6138A071D22D47E00B0B535 /* ObjectsViewController.swift */,
				B6138A091D22DC3900B0B535 /* ObjectViewController.swift */,
			);
			name = ViewControllers;
			sourceTree = "<group>";
		};
		B6C215ED1D16B08700A8ECA7 /* CoreDataMigration */ = {
			isa = PBXGroup;
			children = (
				B6C215EE1D16B09800A8ECA7 /* Model.xcdatamodeld */,
				B6DF339D1D177D1800979651 /* Model1-2.xcmappingmodel */,
				B6138A0F1D23FFC200B0B535 /* EntityAMigrationPolicy.swift */,
				B6138A111D2400AF00B0B535 /* EntityBMigrationPolicy.swift */,
				B6138A151D24B25A00B0B535 /* MigrationManager.swift */,
			);
			name = CoreDataMigration;
			sourceTree = "<group>";
		};
		B6DF33B81D1906AE00979651 /* Utils */ = {
			isa = PBXGroup;
			children = (
				B61389F01D216C7300B0B535 /* Types.swift */,
				B61389FA1D21724D00B0B535 /* Join.swift */,
				B61389FF1D22819B00B0B535 /* FileUtils.swift */,
				B6138A0D1D23F5DB00B0B535 /* MigrationUtils.swift */,
			);
			name = Utils;
			sourceTree = "<group>";
		};
/* End PBXGroup section */

/* Begin PBXNativeTarget section */
		B66848901D16456F00547947 /* CoreDataMigrationSample */ = {
			isa = PBXNativeTarget;
			buildConfigurationList = B66848B31D16456F00547947 /* Build configuration list for PBXNativeTarget "CoreDataMigrationSample" */;
			buildPhases = (
				B668488D1D16456F00547947 /* Sources */,
				B668488E1D16456F00547947 /* Frameworks */,
				B668488F1D16456F00547947 /* Resources */,
			);
			buildRules = (
			);
			dependencies = (
			);
			name = CoreDataMigrationSample;
			productName = CoreDataMigrationSample;
			productReference = B66848911D16456F00547947 /* CoreDataMigrationSample.app */;
			productType = "com.apple.product-type.application";
		};
		B66848A91D16456F00547947 /* CoreDataMigrationSampleTests */ = {
			isa = PBXNativeTarget;
			buildConfigurationList = B66848B61D16456F00547947 /* Build configuration list for PBXNativeTarget "CoreDataMigrationSampleTests" */;
			buildPhases = (
				B66848A61D16456F00547947 /* Sources */,
				B66848A71D16456F00547947 /* Frameworks */,
				B66848A81D16456F00547947 /* Resources */,
			);
			buildRules = (
			);
			dependencies = (
				B66848AC1D16456F00547947 /* PBXTargetDependency */,
			);
			name = CoreDataMigrationSampleTests;
			productName = CoreDataMigrationSampleTests;
			productReference = B66848AA1D16456F00547947 /* CoreDataMigrationSampleTests.xctest */;
			productType = "com.apple.product-type.bundle.unit-test";
		};
/* End PBXNativeTarget section */

/* Begin PBXProject section */
		B66848891D16456F00547947 /* Project object */ = {
			isa = PBXProject;
			attributes = {
				LastUpgradeCheck = 0730;
				ORGANIZATIONNAME = "Yuki Yasoshima";
				TargetAttributes = {
					B66848901D16456F00547947 = {
						CreatedOnToolsVersion = 7.3.1;
					};
					B66848A91D16456F00547947 = {
						CreatedOnToolsVersion = 7.3.1;
						TestTargetID = B66848901D16456F00547947;
					};
				};
			};
			buildConfigurationList = B668488C1D16456F00547947 /* Build configuration list for PBXProject "CoreDataMigrationSample" */;
			compatibilityVersion = "Xcode 3.2";
			developmentRegion = English;
			hasScannedForEncodings = 0;
			knownRegions = (
				en,
				Base,
			);
			mainGroup = B66848881D16456F00547947;
			productRefGroup = B66848921D16456F00547947 /* Products */;
			projectDirPath = "";
			projectRoot = "";
			targets = (
				B66848901D16456F00547947 /* CoreDataMigrationSample */,
				B66848A91D16456F00547947 /* CoreDataMigrationSampleTests */,
			);
		};
/* End PBXProject section */

/* Begin PBXResourcesBuildPhase section */
		B668488F1D16456F00547947 /* Resources */ = {
			isa = PBXResourcesBuildPhase;
			buildActionMask = 2147483647;
			files = (
				B66848A41D16456F00547947 /* LaunchScreen.storyboard in Resources */,
				B66848A11D16456F00547947 /* Assets.xcassets in Resources */,
				B668489F1D16456F00547947 /* Main.storyboard in Resources */,
			);
			runOnlyForDeploymentPostprocessing = 0;
		};
		B66848A81D16456F00547947 /* Resources */ = {
			isa = PBXResourcesBuildPhase;
			buildActionMask = 2147483647;
			files = (
			);
			runOnlyForDeploymentPostprocessing = 0;
		};
/* End PBXResourcesBuildPhase section */

/* Begin PBXSourcesBuildPhase section */
		B668488D1D16456F00547947 /* Sources */ = {
			isa = PBXSourcesBuildPhase;
			buildActionMask = 2147483647;
			files = (
				B6DF339E1D177D1800979651 /* Model1-2.xcmappingmodel in Sources */,
				B66848C81D16467A00547947 /* NSManagedObject+UBICoreData.m in Sources */,
				B6138A001D22819B00B0B535 /* FileUtils.swift in Sources */,
				B61389F31D216EB200B0B535 /* MenuViewController.swift in Sources */,
				B699B2BD1D255A0D00643947 /* AppDelegate.swift in Sources */,
				B61389FB1D21724D00B0B535 /* Join.swift in Sources */,
				B6138A0A1D22DC3900B0B535 /* ObjectViewController.swift in Sources */,
				B61389EB1D215CBD00B0B535 /* MigrationController.swift in Sources */,
				B61389F71D216EFD00B0B535 /* MigrationViewController.swift in Sources */,
				B61389E91D2150E700B0B535 /* LightweightMigrationController.swift in Sources */,
				B61389F51D216EF400B0B535 /* SetupViewController.swift in Sources */,
				B6C215F01D16B09800A8ECA7 /* Model.xcdatamodeld in Sources */,
				B6138A101D23FFC200B0B535 /* EntityAMigrationPolicy.swift in Sources */,
				B6138A121D2400AF00B0B535 /* EntityBMigrationPolicy.swift in Sources */,
				B66848C91D16467A00547947 /* NSManagedObjectContext+UBICoreData.m in Sources */,
				B61389EF1D21688900B0B535 /* CustomMigrationController.swift in Sources */,
				B6138A0E1D23F5DB00B0B535 /* MigrationUtils.swift in Sources */,
				B66848CA1D16467A00547947 /* UBICoreDataStore.m in Sources */,
				B61389F91D216F0800B0B535 /* EntitiesViewController.swift in Sources */,
				B66848C71D16467A00547947 /* NSFetchRequest+UBICoreData.m in Sources */,
				B61389ED1D2164E100B0B535 /* DataController.swift in Sources */,
				B61389F11D216C7300B0B535 /* Types.swift in Sources */,
				B66848C61D16467A00547947 /* NSFetchedResultsController+UBICoreData.m in Sources */,
				B6138A0C1D23932A00B0B535 /* SeparateMigrationController.swift in Sources */,
				B6138A161D24B25A00B0B535 /* MigrationManager.swift in Sources */,
				B6138A081D22D47E00B0B535 /* ObjectsViewController.swift in Sources */,
			);
			runOnlyForDeploymentPostprocessing = 0;
		};
		B66848A61D16456F00547947 /* Sources */ = {
			isa = PBXSourcesBuildPhase;
			buildActionMask = 2147483647;
			files = (
				B61389FE1D2176BF00B0B535 /* JoinTests.swift in Sources */,
			);
			runOnlyForDeploymentPostprocessing = 0;
		};
/* End PBXSourcesBuildPhase section */

/* Begin PBXTargetDependency section */
		B66848AC1D16456F00547947 /* PBXTargetDependency */ = {
			isa = PBXTargetDependency;
			target = B66848901D16456F00547947 /* CoreDataMigrationSample */;
			targetProxy = B66848AB1D16456F00547947 /* PBXContainerItemProxy */;
		};
/* End PBXTargetDependency section */

/* Begin PBXVariantGroup section */
		B668489D1D16456F00547947 /* Main.storyboard */ = {
			isa = PBXVariantGroup;
			children = (
				B668489E1D16456F00547947 /* Base */,
			);
			name = Main.storyboard;
			sourceTree = "<group>";
		};
		B66848A21D16456F00547947 /* LaunchScreen.storyboard */ = {
			isa = PBXVariantGroup;
			children = (
				B66848A31D16456F00547947 /* Base */,
			);
			name = LaunchScreen.storyboard;
			sourceTree = "<group>";
		};
/* End PBXVariantGroup section */

/* Begin XCBuildConfiguration section */
		B66848B11D16456F00547947 /* Debug */ = {
			isa = XCBuildConfiguration;
			buildSettings = {
				ALWAYS_SEARCH_USER_PATHS = NO;
				CLANG_ANALYZER_NONNULL = YES;
				CLANG_CXX_LANGUAGE_STANDARD = "gnu++0x";
				CLANG_CXX_LIBRARY = "libc++";
				CLANG_ENABLE_MODULES = YES;
				CLANG_ENABLE_OBJC_ARC = YES;
				CLANG_WARN_BOOL_CONVERSION = YES;
				CLANG_WARN_CONSTANT_CONVERSION = YES;
				CLANG_WARN_DIRECT_OBJC_ISA_USAGE = YES_ERROR;
				CLANG_WARN_EMPTY_BODY = YES;
				CLANG_WARN_ENUM_CONVERSION = YES;
				CLANG_WARN_INT_CONVERSION = YES;
				CLANG_WARN_OBJC_ROOT_CLASS = YES_ERROR;
				CLANG_WARN_UNREACHABLE_CODE = YES;
				CLANG_WARN__DUPLICATE_METHOD_MATCH = YES;
				"CODE_SIGN_IDENTITY[sdk=iphoneos*]" = "iPhone Developer";
				COPY_PHASE_STRIP = NO;
				DEBUG_INFORMATION_FORMAT = dwarf;
				ENABLE_STRICT_OBJC_MSGSEND = YES;
				ENABLE_TESTABILITY = YES;
				GCC_C_LANGUAGE_STANDARD = gnu99;
				GCC_DYNAMIC_NO_PIC = NO;
				GCC_NO_COMMON_BLOCKS = YES;
				GCC_OPTIMIZATION_LEVEL = 0;
				GCC_PREPROCESSOR_DEFINITIONS = (
					"DEBUG=1",
					"$(inherited)",
				);
				GCC_WARN_64_TO_32_BIT_CONVERSION = YES;
				GCC_WARN_ABOUT_RETURN_TYPE = YES_ERROR;
				GCC_WARN_UNDECLARED_SELECTOR = YES;
				GCC_WARN_UNINITIALIZED_AUTOS = YES_AGGRESSIVE;
				GCC_WARN_UNUSED_FUNCTION = YES;
				GCC_WARN_UNUSED_VARIABLE = YES;
				IPHONEOS_DEPLOYMENT_TARGET = 9.3;
				MTL_ENABLE_DEBUG_INFO = YES;
				ONLY_ACTIVE_ARCH = YES;
				SDKROOT = iphoneos;
				TARGETED_DEVICE_FAMILY = "1,2";
			};
			name = Debug;
		};
		B66848B21D16456F00547947 /* Release */ = {
			isa = XCBuildConfiguration;
			buildSettings = {
				ALWAYS_SEARCH_USER_PATHS = NO;
				CLANG_ANALYZER_NONNULL = YES;
				CLANG_CXX_LANGUAGE_STANDARD = "gnu++0x";
				CLANG_CXX_LIBRARY = "libc++";
				CLANG_ENABLE_MODULES = YES;
				CLANG_ENABLE_OBJC_ARC = YES;
				CLANG_WARN_BOOL_CONVERSION = YES;
				CLANG_WARN_CONSTANT_CONVERSION = YES;
				CLANG_WARN_DIRECT_OBJC_ISA_USAGE = YES_ERROR;
				CLANG_WARN_EMPTY_BODY = YES;
				CLANG_WARN_ENUM_CONVERSION = YES;
				CLANG_WARN_INT_CONVERSION = YES;
				CLANG_WARN_OBJC_ROOT_CLASS = YES_ERROR;
				CLANG_WARN_UNREACHABLE_CODE = YES;
				CLANG_WARN__DUPLICATE_METHOD_MATCH = YES;
				"CODE_SIGN_IDENTITY[sdk=iphoneos*]" = "iPhone Developer";
				COPY_PHASE_STRIP = NO;
				DEBUG_INFORMATION_FORMAT = "dwarf-with-dsym";
				ENABLE_NS_ASSERTIONS = NO;
				ENABLE_STRICT_OBJC_MSGSEND = YES;
				GCC_C_LANGUAGE_STANDARD = gnu99;
				GCC_NO_COMMON_BLOCKS = YES;
				GCC_WARN_64_TO_32_BIT_CONVERSION = YES;
				GCC_WARN_ABOUT_RETURN_TYPE = YES_ERROR;
				GCC_WARN_UNDECLARED_SELECTOR = YES;
				GCC_WARN_UNINITIALIZED_AUTOS = YES_AGGRESSIVE;
				GCC_WARN_UNUSED_FUNCTION = YES;
				GCC_WARN_UNUSED_VARIABLE = YES;
				IPHONEOS_DEPLOYMENT_TARGET = 9.3;
				MTL_ENABLE_DEBUG_INFO = NO;
				SDKROOT = iphoneos;
				TARGETED_DEVICE_FAMILY = "1,2";
				VALIDATE_PRODUCT = YES;
			};
			name = Release;
		};
		B66848B41D16456F00547947 /* Debug */ = {
			isa = XCBuildConfiguration;
			buildSettings = {
				ASSETCATALOG_COMPILER_APPICON_NAME = AppIcon;
				CLANG_ENABLE_MODULES = YES;
				INFOPLIST_FILE = CoreDataMigrationSample/Info.plist;
				LD_RUNPATH_SEARCH_PATHS = "$(inherited) @executable_path/Frameworks";
				PRODUCT_BUNDLE_IDENTIFIER = "jp.objective-audio.CoreDataMigrationSample";
				PRODUCT_NAME = "$(TARGET_NAME)";
				SWIFT_OBJC_BRIDGING_HEADER = "CoreDataMigrationSample/CoreDataMigrationSample-Bridging-Header.h";
				SWIFT_OPTIMIZATION_LEVEL = "-Onone";
			};
			name = Debug;
		};
		B66848B51D16456F00547947 /* Release */ = {
			isa = XCBuildConfiguration;
			buildSettings = {
				ASSETCATALOG_COMPILER_APPICON_NAME = AppIcon;
				CLANG_ENABLE_MODULES = YES;
				INFOPLIST_FILE = CoreDataMigrationSample/Info.plist;
				LD_RUNPATH_SEARCH_PATHS = "$(inherited) @executable_path/Frameworks";
				PRODUCT_BUNDLE_IDENTIFIER = "jp.objective-audio.CoreDataMigrationSample";
				PRODUCT_NAME = "$(TARGET_NAME)";
				SWIFT_OBJC_BRIDGING_HEADER = "CoreDataMigrationSample/CoreDataMigrationSample-Bridging-Header.h";
			};
			name = Release;
		};
		B66848B71D16456F00547947 /* Debug */ = {
			isa = XCBuildConfiguration;
			buildSettings = {
				BUNDLE_LOADER = "$(TEST_HOST)";
				CLANG_ENABLE_MODULES = YES;
				INFOPLIST_FILE = CoreDataMigrationSampleTests/Info.plist;
				LD_RUNPATH_SEARCH_PATHS = "$(inherited) @executable_path/Frameworks @loader_path/Frameworks";
				PRODUCT_BUNDLE_IDENTIFIER = "jp.objective-audio.CoreDataMigrationSampleTests";
				PRODUCT_NAME = "$(TARGET_NAME)";
				SWIFT_OBJC_BRIDGING_HEADER = "CoreDataMigrationSampleTests/CoreDataMigrationSampleTests-Bridging-Header.h";
				SWIFT_OPTIMIZATION_LEVEL = "-Onone";
				TEST_HOST = "$(BUILT_PRODUCTS_DIR)/CoreDataMigrationSample.app/CoreDataMigrationSample";
			};
			name = Debug;
		};
		B66848B81D16456F00547947 /* Release */ = {
			isa = XCBuildConfiguration;
			buildSettings = {
				BUNDLE_LOADER = "$(TEST_HOST)";
				CLANG_ENABLE_MODULES = YES;
				INFOPLIST_FILE = CoreDataMigrationSampleTests/Info.plist;
				LD_RUNPATH_SEARCH_PATHS = "$(inherited) @executable_path/Frameworks @loader_path/Frameworks";
				PRODUCT_BUNDLE_IDENTIFIER = "jp.objective-audio.CoreDataMigrationSampleTests";
				PRODUCT_NAME = "$(TARGET_NAME)";
				SWIFT_OBJC_BRIDGING_HEADER = "CoreDataMigrationSampleTests/CoreDataMigrationSampleTests-Bridging-Header.h";
				TEST_HOST = "$(BUILT_PRODUCTS_DIR)/CoreDataMigrationSample.app/CoreDataMigrationSample";
			};
			name = Release;
		};
/* End XCBuildConfiguration section */

/* Begin XCConfigurationList section */
		B668488C1D16456F00547947 /* Build configuration list for PBXProject "CoreDataMigrationSample" */ = {
			isa = XCConfigurationList;
			buildConfigurations = (
				B66848B11D16456F00547947 /* Debug */,
				B66848B21D16456F00547947 /* Release */,
			);
			defaultConfigurationIsVisible = 0;
			defaultConfigurationName = Release;
		};
		B66848B31D16456F00547947 /* Build configuration list for PBXNativeTarget "CoreDataMigrationSample" */ = {
			isa = XCConfigurationList;
			buildConfigurations = (
				B66848B41D16456F00547947 /* Debug */,
				B66848B51D16456F00547947 /* Release */,
			);
			defaultConfigurationIsVisible = 0;
			defaultConfigurationName = Release;
		};
		B66848B61D16456F00547947 /* Build configuration list for PBXNativeTarget "CoreDataMigrationSampleTests" */ = {
			isa = XCConfigurationList;
			buildConfigurations = (
				B66848B71D16456F00547947 /* Debug */,
				B66848B81D16456F00547947 /* Release */,
			);
			defaultConfigurationIsVisible = 0;
			defaultConfigurationName = Release;
		};
/* End XCConfigurationList section */

/* Begin XCVersionGroup section */
		B6C215EE1D16B09800A8ECA7 /* Model.xcdatamodeld */ = {
			isa = XCVersionGroup;
			children = (
				B6C215F51D16E07C00A8ECA7 /* Model 2.xcdatamodel */,
				B6C215F41D16E06D00A8ECA7 /* Model 1.xcdatamodel */,
				B6C215EF1D16B09800A8ECA7 /* Model.xcdatamodel */,
			);
			currentVersion = B6C215F51D16E07C00A8ECA7 /* Model 2.xcdatamodel */;
			path = Model.xcdatamodeld;
			sourceTree = "<group>";
			versionGroupType = wrapper.xcdatamodel;
		};
/* End XCVersionGroup section */
	};
	rootObject = B66848891D16456F00547947 /* Project object */;
}
